// !$*UTF8*$!
{
	archiveVersion = 1;
	classes = {
	};
	objectVersion = 56;
	objects = {

/* Begin PBXBuildFile section */
		0BCA41562A326400005B2DF3 /* AppDelegate.swift in Sources */ = {isa = PBXBuildFile; fileRef = 0BCA41552A326400005B2DF3 /* AppDelegate.swift */; };
		0BCA41582A326400005B2DF3 /* SceneDelegate.swift in Sources */ = {isa = PBXBuildFile; fileRef = 0BCA41572A326400005B2DF3 /* SceneDelegate.swift */; };
		0BCA415A2A326400005B2DF3 /* ViewController.swift in Sources */ = {isa = PBXBuildFile; fileRef = 0BCA41592A326400005B2DF3 /* ViewController.swift */; };
		0BCA415D2A326400005B2DF3 /* Main.storyboard in Resources */ = {isa = PBXBuildFile; fileRef = 0BCA415B2A326400005B2DF3 /* Main.storyboard */; };
		0BCA415F2A326401005B2DF3 /* Assets.xcassets in Resources */ = {isa = PBXBuildFile; fileRef = 0BCA415E2A326401005B2DF3 /* Assets.xcassets */; };
		0BCA41622A326401005B2DF3 /* LaunchScreen.storyboard in Resources */ = {isa = PBXBuildFile; fileRef = 0BCA41602A326401005B2DF3 /* LaunchScreen.storyboard */; };
		0BCA416A2A3264CB005B2DF3 /* GoogleService-Info.plist in Resources */ = {isa = PBXBuildFile; fileRef = 0BCA41692A3264CB005B2DF3 /* GoogleService-Info.plist */; };
		0BCA416D2A3265A8005B2DF3 /* FirebaseAuth in Frameworks */ = {isa = PBXBuildFile; productRef = 0BCA416C2A3265A8005B2DF3 /* FirebaseAuth */; };
		0BCA41742A3275AF005B2DF3 /* UserProviderFirebase.swift in Sources */ = {isa = PBXBuildFile; fileRef = 0BCA41732A3275AF005B2DF3 /* UserProviderFirebase.swift */; };
		0BCA41772A327693005B2DF3 /* UserModel.swift in Sources */ = {isa = PBXBuildFile; fileRef = 0BCA41762A327693005B2DF3 /* UserModel.swift */; };
		0BCA417A2A3282FA005B2DF3 /* Constants.swift in Sources */ = {isa = PBXBuildFile; fileRef = 0BCA41792A3282FA005B2DF3 /* Constants.swift */; };
		0BCA417C2A32B651005B2DF3 /* UserBusiness.swift in Sources */ = {isa = PBXBuildFile; fileRef = 0BCA417B2A32B651005B2DF3 /* UserBusiness.swift */; };
		0BCA417E2A32B78C005B2DF3 /* UserManager.swift in Sources */ = {isa = PBXBuildFile; fileRef = 0BCA417D2A32B78C005B2DF3 /* UserManager.swift */; };
		0BCA41922A32C0AC005B2DF3 /* UserProviderStub.swift in Sources */ = {isa = PBXBuildFile; fileRef = 0BCA41912A32C0AC005B2DF3 /* UserProviderStub.swift */; };
/* End PBXBuildFile section */

/* Begin PBXContainerItemProxy section */
		0BCA41872A32C02C005B2DF3 /* PBXContainerItemProxy */ = {
			isa = PBXContainerItemProxy;
			containerPortal = 0BCA414A2A326400005B2DF3 /* Project object */;
			proxyType = 1;
			remoteGlobalIDString = 0BCA41512A326400005B2DF3;
			remoteInfo = SwiftArquiteturas;
		};
/* End PBXContainerItemProxy section */

/* Begin PBXFileReference section */
		0BCA41522A326400005B2DF3 /* SwiftArquiteturas.app */ = {isa = PBXFileReference; explicitFileType = wrapper.application; includeInIndex = 0; path = SwiftArquiteturas.app; sourceTree = BUILT_PRODUCTS_DIR; };
		0BCA41552A326400005B2DF3 /* AppDelegate.swift */ = {isa = PBXFileReference; lastKnownFileType = sourcecode.swift; path = AppDelegate.swift; sourceTree = "<group>"; };
		0BCA41572A326400005B2DF3 /* SceneDelegate.swift */ = {isa = PBXFileReference; lastKnownFileType = sourcecode.swift; path = SceneDelegate.swift; sourceTree = "<group>"; };
		0BCA41592A326400005B2DF3 /* ViewController.swift */ = {isa = PBXFileReference; lastKnownFileType = sourcecode.swift; path = ViewController.swift; sourceTree = "<group>"; };
		0BCA415C2A326400005B2DF3 /* Base */ = {isa = PBXFileReference; lastKnownFileType = file.storyboard; name = Base; path = Base.lproj/Main.storyboard; sourceTree = "<group>"; };
		0BCA415E2A326401005B2DF3 /* Assets.xcassets */ = {isa = PBXFileReference; lastKnownFileType = folder.assetcatalog; path = Assets.xcassets; sourceTree = "<group>"; };
		0BCA41612A326401005B2DF3 /* Base */ = {isa = PBXFileReference; lastKnownFileType = file.storyboard; name = Base; path = Base.lproj/LaunchScreen.storyboard; sourceTree = "<group>"; };
		0BCA41632A326401005B2DF3 /* Info.plist */ = {isa = PBXFileReference; lastKnownFileType = text.plist.xml; path = Info.plist; sourceTree = "<group>"; };
		0BCA41692A3264CB005B2DF3 /* GoogleService-Info.plist */ = {isa = PBXFileReference; fileEncoding = 4; lastKnownFileType = text.plist.xml; path = "GoogleService-Info.plist"; sourceTree = "<group>"; };
		0BCA41732A3275AF005B2DF3 /* UserProviderFirebase.swift */ = {isa = PBXFileReference; lastKnownFileType = sourcecode.swift; path = UserProviderFirebase.swift; sourceTree = "<group>"; };
		0BCA41762A327693005B2DF3 /* UserModel.swift */ = {isa = PBXFileReference; lastKnownFileType = sourcecode.swift; path = UserModel.swift; sourceTree = "<group>"; };
		0BCA41792A3282FA005B2DF3 /* Constants.swift */ = {isa = PBXFileReference; lastKnownFileType = sourcecode.swift; path = Constants.swift; sourceTree = "<group>"; };
		0BCA417B2A32B651005B2DF3 /* UserBusiness.swift */ = {isa = PBXFileReference; lastKnownFileType = sourcecode.swift; path = UserBusiness.swift; sourceTree = "<group>"; };
		0BCA417D2A32B78C005B2DF3 /* UserManager.swift */ = {isa = PBXFileReference; lastKnownFileType = sourcecode.swift; path = UserManager.swift; sourceTree = "<group>"; };
		0BCA41832A32C02B005B2DF3 /* SwiftArquiteturasTests.xctest */ = {isa = PBXFileReference; explicitFileType = wrapper.cfbundle; includeInIndex = 0; path = SwiftArquiteturasTests.xctest; sourceTree = BUILT_PRODUCTS_DIR; };
		0BCA41902A32C0AC005B2DF3 /* SwiftArquiteturasTests-Bridging-Header.h */ = {isa = PBXFileReference; lastKnownFileType = sourcecode.c.h; path = "SwiftArquiteturasTests-Bridging-Header.h"; sourceTree = "<group>"; };
		0BCA41912A32C0AC005B2DF3 /* UserProviderStub.swift */ = {isa = PBXFileReference; lastKnownFileType = sourcecode.swift; path = UserProviderStub.swift; sourceTree = "<group>"; };
/* End PBXFileReference section */

/* Begin PBXFrameworksBuildPhase section */
		0BCA414F2A326400005B2DF3 /* Frameworks */ = {
			isa = PBXFrameworksBuildPhase;
			buildActionMask = 2147483647;
			files = (
				0BCA416D2A3265A8005B2DF3 /* FirebaseAuth in Frameworks */,
			);
			runOnlyForDeploymentPostprocessing = 0;
		};
		0BCA41802A32C02B005B2DF3 /* Frameworks */ = {
			isa = PBXFrameworksBuildPhase;
			buildActionMask = 2147483647;
			files = (
			);
			runOnlyForDeploymentPostprocessing = 0;
		};
/* End PBXFrameworksBuildPhase section */

/* Begin PBXGroup section */
		0BCA41492A326400005B2DF3 = {
			isa = PBXGroup;
			children = (
				0BCA41542A326400005B2DF3 /* SwiftArquiteturas */,
				0BCA41842A32C02C005B2DF3 /* SwiftArquiteturasTests */,
				0BCA41532A326400005B2DF3 /* Products */,
			);
			sourceTree = "<group>";
		};
		0BCA41532A326400005B2DF3 /* Products */ = {
			isa = PBXGroup;
			children = (
				0BCA41522A326400005B2DF3 /* SwiftArquiteturas.app */,
				0BCA41832A32C02B005B2DF3 /* SwiftArquiteturasTests.xctest */,
			);
			name = Products;
			sourceTree = "<group>";
		};
		0BCA41542A326400005B2DF3 /* SwiftArquiteturas */ = {
			isa = PBXGroup;
			children = (
				0BCA41722A327493005B2DF3 /* Source */,
				0BCA416E2A327457005B2DF3 /* API */,
				0BCA41632A326401005B2DF3 /* Info.plist */,
			);
			path = SwiftArquiteturas;
			sourceTree = "<group>";
		};
		0BCA416E2A327457005B2DF3 /* API */ = {
			isa = PBXGroup;
			children = (
				0BCA41782A3282DB005B2DF3 /* Infra */,
				0BCA41752A327683005B2DF3 /* Model */,
				0BCA41712A32747B005B2DF3 /* Provider */,
				0BCA41702A32746F005B2DF3 /* Manager */,
				0BCA416F2A32745D005B2DF3 /* Business */,
			);
			path = API;
			sourceTree = "<group>";
		};
		0BCA416F2A32745D005B2DF3 /* Business */ = {
			isa = PBXGroup;
			children = (
				0BCA417B2A32B651005B2DF3 /* UserBusiness.swift */,
			);
			path = Business;
			sourceTree = "<group>";
		};
		0BCA41702A32746F005B2DF3 /* Manager */ = {
			isa = PBXGroup;
			children = (
				0BCA417D2A32B78C005B2DF3 /* UserManager.swift */,
			);
			path = Manager;
			sourceTree = "<group>";
		};
		0BCA41712A32747B005B2DF3 /* Provider */ = {
			isa = PBXGroup;
			children = (
				0BCA41732A3275AF005B2DF3 /* UserProviderFirebase.swift */,
			);
			name = Provider;
			sourceTree = "<group>";
		};
		0BCA41722A327493005B2DF3 /* Source */ = {
			isa = PBXGroup;
			children = (
				0BCA41692A3264CB005B2DF3 /* GoogleService-Info.plist */,
				0BCA41552A326400005B2DF3 /* AppDelegate.swift */,
				0BCA41572A326400005B2DF3 /* SceneDelegate.swift */,
				0BCA41592A326400005B2DF3 /* ViewController.swift */,
				0BCA415B2A326400005B2DF3 /* Main.storyboard */,
				0BCA415E2A326401005B2DF3 /* Assets.xcassets */,
				0BCA41602A326401005B2DF3 /* LaunchScreen.storyboard */,
			);
			path = Source;
			sourceTree = "<group>";
		};
		0BCA41752A327683005B2DF3 /* Model */ = {
			isa = PBXGroup;
			children = (
				0BCA41762A327693005B2DF3 /* UserModel.swift */,
			);
			path = Model;
			sourceTree = "<group>";
		};
		0BCA41782A3282DB005B2DF3 /* Infra */ = {
			isa = PBXGroup;
			children = (
				0BCA41792A3282FA005B2DF3 /* Constants.swift */,
			);
			path = Infra;
			sourceTree = "<group>";
		};
		0BCA41842A32C02C005B2DF3 /* SwiftArquiteturasTests */ = {
			isa = PBXGroup;
			children = (
				0BCA418C2A32C045005B2DF3 /* API */,
			);
			path = SwiftArquiteturasTests;
			sourceTree = "<group>";
		};
		0BCA418C2A32C045005B2DF3 /* API */ = {
			isa = PBXGroup;
			children = (
				0BCA418F2A32C06E005B2DF3 /* Business */,
				0BCA418E2A32C066005B2DF3 /* Manager */,
				0BCA418D2A32C058005B2DF3 /* Provider */,
			);
			path = API;
			sourceTree = "<group>";
		};
		0BCA418D2A32C058005B2DF3 /* Provider */ = {
			isa = PBXGroup;
			children = (
				0BCA41912A32C0AC005B2DF3 /* UserProviderStub.swift */,
				0BCA41902A32C0AC005B2DF3 /* SwiftArquiteturasTests-Bridging-Header.h */,
			);
			path = Provider;
			sourceTree = "<group>";
		};
		0BCA418E2A32C066005B2DF3 /* Manager */ = {
			isa = PBXGroup;
			children = (
			);
			path = Manager;
			sourceTree = "<group>";
		};
		0BCA418F2A32C06E005B2DF3 /* Business */ = {
			isa = PBXGroup;
			children = (
			);
			path = Business;
			sourceTree = "<group>";
		};
/* End PBXGroup section */

/* Begin PBXNativeTarget section */
		0BCA41512A326400005B2DF3 /* SwiftArquiteturas */ = {
			isa = PBXNativeTarget;
			buildConfigurationList = 0BCA41662A326401005B2DF3 /* Build configuration list for PBXNativeTarget "SwiftArquiteturas" */;
			buildPhases = (
				0BCA414E2A326400005B2DF3 /* Sources */,
				0BCA414F2A326400005B2DF3 /* Frameworks */,
				0BCA41502A326400005B2DF3 /* Resources */,
			);
			buildRules = (
			);
			dependencies = (
			);
			name = SwiftArquiteturas;
			packageProductDependencies = (
				0BCA416C2A3265A8005B2DF3 /* FirebaseAuth */,
			);
			productName = SwiftArquiteturas;
			productReference = 0BCA41522A326400005B2DF3 /* SwiftArquiteturas.app */;
			productType = "com.apple.product-type.application";
		};
		0BCA41822A32C02B005B2DF3 /* SwiftArquiteturasTests */ = {
			isa = PBXNativeTarget;
			buildConfigurationList = 0BCA41892A32C02C005B2DF3 /* Build configuration list for PBXNativeTarget "SwiftArquiteturasTests" */;
			buildPhases = (
				0BCA417F2A32C02B005B2DF3 /* Sources */,
				0BCA41802A32C02B005B2DF3 /* Frameworks */,
				0BCA41812A32C02B005B2DF3 /* Resources */,
			);
			buildRules = (
			);
			dependencies = (
				0BCA41882A32C02C005B2DF3 /* PBXTargetDependency */,
			);
			name = SwiftArquiteturasTests;
			productName = SwiftArquiteturasTests;
			productReference = 0BCA41832A32C02B005B2DF3 /* SwiftArquiteturasTests.xctest */;
			productType = "com.apple.product-type.bundle.unit-test";
		};
/* End PBXNativeTarget section */

/* Begin PBXProject section */
		0BCA414A2A326400005B2DF3 /* Project object */ = {
			isa = PBXProject;
			attributes = {
				BuildIndependentTargetsInParallel = 1;
				LastSwiftUpdateCheck = 1500;
				LastUpgradeCheck = 1500;
				TargetAttributes = {
					0BCA41512A326400005B2DF3 = {
						CreatedOnToolsVersion = 15.0;
					};
					0BCA41822A32C02B005B2DF3 = {
						CreatedOnToolsVersion = 15.0;
						LastSwiftMigration = 1500;
						TestTargetID = 0BCA41512A326400005B2DF3;
					};
				};
			};
			buildConfigurationList = 0BCA414D2A326400005B2DF3 /* Build configuration list for PBXProject "SwiftArquiteturas" */;
			compatibilityVersion = "Xcode 14.0";
			developmentRegion = en;
			hasScannedForEncodings = 0;
			knownRegions = (
				en,
				Base,
			);
			mainGroup = 0BCA41492A326400005B2DF3;
			packageReferences = (
				0BCA416B2A3265A8005B2DF3 /* XCRemoteSwiftPackageReference "firebase-ios-sdk" */,
			);
			productRefGroup = 0BCA41532A326400005B2DF3 /* Products */;
			projectDirPath = "";
			projectRoot = "";
			targets = (
				0BCA41512A326400005B2DF3 /* SwiftArquiteturas */,
				0BCA41822A32C02B005B2DF3 /* SwiftArquiteturasTests */,
			);
		};
/* End PBXProject section */

/* Begin PBXResourcesBuildPhase section */
		0BCA41502A326400005B2DF3 /* Resources */ = {
			isa = PBXResourcesBuildPhase;
			buildActionMask = 2147483647;
			files = (
				0BCA41622A326401005B2DF3 /* LaunchScreen.storyboard in Resources */,
				0BCA416A2A3264CB005B2DF3 /* GoogleService-Info.plist in Resources */,
				0BCA415F2A326401005B2DF3 /* Assets.xcassets in Resources */,
				0BCA415D2A326400005B2DF3 /* Main.storyboard in Resources */,
			);
			runOnlyForDeploymentPostprocessing = 0;
		};
		0BCA41812A32C02B005B2DF3 /* Resources */ = {
			isa = PBXResourcesBuildPhase;
			buildActionMask = 2147483647;
			files = (
			);
			runOnlyForDeploymentPostprocessing = 0;
		};
/* End PBXResourcesBuildPhase section */

/* Begin PBXSourcesBuildPhase section */
		0BCA414E2A326400005B2DF3 /* Sources */ = {
			isa = PBXSourcesBuildPhase;
			buildActionMask = 2147483647;
			files = (
				0BCA417E2A32B78C005B2DF3 /* UserManager.swift in Sources */,
				0BCA415A2A326400005B2DF3 /* ViewController.swift in Sources */,
				0BCA41562A326400005B2DF3 /* AppDelegate.swift in Sources */,
				0BCA41582A326400005B2DF3 /* SceneDelegate.swift in Sources */,
				0BCA41772A327693005B2DF3 /* UserModel.swift in Sources */,
				0BCA41742A3275AF005B2DF3 /* UserProviderFirebase.swift in Sources */,
				0BCA417A2A3282FA005B2DF3 /* Constants.swift in Sources */,
				0BCA417C2A32B651005B2DF3 /* UserBusiness.swift in Sources */,
			);
			runOnlyForDeploymentPostprocessing = 0;
		};
		0BCA417F2A32C02B005B2DF3 /* Sources */ = {
			isa = PBXSourcesBuildPhase;
			buildActionMask = 2147483647;
			files = (
				0BCA41922A32C0AC005B2DF3 /* UserProviderStub.swift in Sources */,
			);
			runOnlyForDeploymentPostprocessing = 0;
		};
/* End PBXSourcesBuildPhase section */

/* Begin PBXTargetDependency section */
		0BCA41882A32C02C005B2DF3 /* PBXTargetDependency */ = {
			isa = PBXTargetDependency;
			target = 0BCA41512A326400005B2DF3 /* SwiftArquiteturas */;
			targetProxy = 0BCA41872A32C02C005B2DF3 /* PBXContainerItemProxy */;
		};
/* End PBXTargetDependency section */

/* Begin PBXVariantGroup section */
		0BCA415B2A326400005B2DF3 /* Main.storyboard */ = {
			isa = PBXVariantGroup;
			children = (
				0BCA415C2A326400005B2DF3 /* Base */,
			);
			name = Main.storyboard;
			sourceTree = "<group>";
		};
		0BCA41602A326401005B2DF3 /* LaunchScreen.storyboard */ = {
			isa = PBXVariantGroup;
			children = (
				0BCA41612A326401005B2DF3 /* Base */,
			);
			name = LaunchScreen.storyboard;
			sourceTree = "<group>";
		};
/* End PBXVariantGroup section */

/* Begin XCBuildConfiguration section */
		0BCA41642A326401005B2DF3 /* Debug */ = {
			isa = XCBuildConfiguration;
			buildSettings = {
				ALWAYS_SEARCH_USER_PATHS = NO;
				ASSETCATALOG_COMPILER_GENERATE_SWIFT_ASSET_SYMBOL_EXTENSIONS = YES;
				CLANG_ANALYZER_NONNULL = YES;
				CLANG_ANALYZER_NUMBER_OBJECT_CONVERSION = YES_AGGRESSIVE;
				CLANG_CXX_LANGUAGE_STANDARD = "gnu++20";
				CLANG_ENABLE_MODULES = YES;
				CLANG_ENABLE_OBJC_ARC = YES;
				CLANG_ENABLE_OBJC_WEAK = YES;
				CLANG_WARN_BLOCK_CAPTURE_AUTORELEASING = YES;
				CLANG_WARN_BOOL_CONVERSION = YES;
				CLANG_WARN_COMMA = YES;
				CLANG_WARN_CONSTANT_CONVERSION = YES;
				CLANG_WARN_DEPRECATED_OBJC_IMPLEMENTATIONS = YES;
				CLANG_WARN_DIRECT_OBJC_ISA_USAGE = YES_ERROR;
				CLANG_WARN_DOCUMENTATION_COMMENTS = YES;
				CLANG_WARN_EMPTY_BODY = YES;
				CLANG_WARN_ENUM_CONVERSION = YES;
				CLANG_WARN_INFINITE_RECURSION = YES;
				CLANG_WARN_INT_CONVERSION = YES;
				CLANG_WARN_NON_LITERAL_NULL_CONVERSION = YES;
				CLANG_WARN_OBJC_IMPLICIT_RETAIN_SELF = YES;
				CLANG_WARN_OBJC_LITERAL_CONVERSION = YES;
				CLANG_WARN_OBJC_ROOT_CLASS = YES_ERROR;
				CLANG_WARN_QUOTED_INCLUDE_IN_FRAMEWORK_HEADER = YES;
				CLANG_WARN_RANGE_LOOP_ANALYSIS = YES;
				CLANG_WARN_STRICT_PROTOTYPES = YES;
				CLANG_WARN_SUSPICIOUS_MOVE = YES;
				CLANG_WARN_UNGUARDED_AVAILABILITY = YES_AGGRESSIVE;
				CLANG_WARN_UNREACHABLE_CODE = YES;
				CLANG_WARN__DUPLICATE_METHOD_MATCH = YES;
				COPY_PHASE_STRIP = NO;
				DEBUG_INFORMATION_FORMAT = dwarf;
				ENABLE_STRICT_OBJC_MSGSEND = YES;
				ENABLE_TESTABILITY = YES;
				ENABLE_USER_SCRIPT_SANDBOXING = YES;
				GCC_C_LANGUAGE_STANDARD = gnu17;
				GCC_DYNAMIC_NO_PIC = NO;
				GCC_NO_COMMON_BLOCKS = YES;
				GCC_OPTIMIZATION_LEVEL = 0;
				GCC_PREPROCESSOR_DEFINITIONS = (
					"DEBUG=1",
					"$(inherited)",
				);
				GCC_WARN_64_TO_32_BIT_CONVERSION = YES;
				GCC_WARN_ABOUT_RETURN_TYPE = YES_ERROR;
				GCC_WARN_UNDECLARED_SELECTOR = YES;
				GCC_WARN_UNINITIALIZED_AUTOS = YES_AGGRESSIVE;
				GCC_WARN_UNUSED_FUNCTION = YES;
				GCC_WARN_UNUSED_VARIABLE = YES;
				IPHONEOS_DEPLOYMENT_TARGET = 16.4;
				LOCALIZATION_PREFERS_STRING_CATALOGS = YES;
				MTL_ENABLE_DEBUG_INFO = INCLUDE_SOURCE;
				MTL_FAST_MATH = YES;
				ONLY_ACTIVE_ARCH = YES;
				SDKROOT = iphoneos;
				SWIFT_ACTIVE_COMPILATION_CONDITIONS = "DEBUG $(inherited)";
				SWIFT_OPTIMIZATION_LEVEL = "-Onone";
			};
			name = Debug;
		};
		0BCA41652A326401005B2DF3 /* Release */ = {
			isa = XCBuildConfiguration;
			buildSettings = {
				ALWAYS_SEARCH_USER_PATHS = NO;
				ASSETCATALOG_COMPILER_GENERATE_SWIFT_ASSET_SYMBOL_EXTENSIONS = YES;
				CLANG_ANALYZER_NONNULL = YES;
				CLANG_ANALYZER_NUMBER_OBJECT_CONVERSION = YES_AGGRESSIVE;
				CLANG_CXX_LANGUAGE_STANDARD = "gnu++20";
				CLANG_ENABLE_MODULES = YES;
				CLANG_ENABLE_OBJC_ARC = YES;
				CLANG_ENABLE_OBJC_WEAK = YES;
				CLANG_WARN_BLOCK_CAPTURE_AUTORELEASING = YES;
				CLANG_WARN_BOOL_CONVERSION = YES;
				CLANG_WARN_COMMA = YES;
				CLANG_WARN_CONSTANT_CONVERSION = YES;
				CLANG_WARN_DEPRECATED_OBJC_IMPLEMENTATIONS = YES;
				CLANG_WARN_DIRECT_OBJC_ISA_USAGE = YES_ERROR;
				CLANG_WARN_DOCUMENTATION_COMMENTS = YES;
				CLANG_WARN_EMPTY_BODY = YES;
				CLANG_WARN_ENUM_CONVERSION = YES;
				CLANG_WARN_INFINITE_RECURSION = YES;
				CLANG_WARN_INT_CONVERSION = YES;
				CLANG_WARN_NON_LITERAL_NULL_CONVERSION = YES;
				CLANG_WARN_OBJC_IMPLICIT_RETAIN_SELF = YES;
				CLANG_WARN_OBJC_LITERAL_CONVERSION = YES;
				CLANG_WARN_OBJC_ROOT_CLASS = YES_ERROR;
				CLANG_WARN_QUOTED_INCLUDE_IN_FRAMEWORK_HEADER = YES;
				CLANG_WARN_RANGE_LOOP_ANALYSIS = YES;
				CLANG_WARN_STRICT_PROTOTYPES = YES;
				CLANG_WARN_SUSPICIOUS_MOVE = YES;
				CLANG_WARN_UNGUARDED_AVAILABILITY = YES_AGGRESSIVE;
				CLANG_WARN_UNREACHABLE_CODE = YES;
				CLANG_WARN__DUPLICATE_METHOD_MATCH = YES;
				COPY_PHASE_STRIP = NO;
				DEBUG_INFORMATION_FORMAT = "dwarf-with-dsym";
				ENABLE_NS_ASSERTIONS = NO;
				ENABLE_STRICT_OBJC_MSGSEND = YES;
				ENABLE_USER_SCRIPT_SANDBOXING = YES;
				GCC_C_LANGUAGE_STANDARD = gnu17;
				GCC_NO_COMMON_BLOCKS = YES;
				GCC_WARN_64_TO_32_BIT_CONVERSION = YES;
				GCC_WARN_ABOUT_RETURN_TYPE = YES_ERROR;
				GCC_WARN_UNDECLARED_SELECTOR = YES;
				GCC_WARN_UNINITIALIZED_AUTOS = YES_AGGRESSIVE;
				GCC_WARN_UNUSED_FUNCTION = YES;
				GCC_WARN_UNUSED_VARIABLE = YES;
				IPHONEOS_DEPLOYMENT_TARGET = 16.4;
				LOCALIZATION_PREFERS_STRING_CATALOGS = YES;
				MTL_ENABLE_DEBUG_INFO = NO;
				MTL_FAST_MATH = YES;
				SDKROOT = iphoneos;
				SWIFT_COMPILATION_MODE = wholemodule;
				VALIDATE_PRODUCT = YES;
			};
			name = Release;
		};
		0BCA41672A326401005B2DF3 /* Debug */ = {
			isa = XCBuildConfiguration;
			buildSettings = {
				ASSETCATALOG_COMPILER_APPICON_NAME = AppIcon;
				ASSETCATALOG_COMPILER_GLOBAL_ACCENT_COLOR_NAME = AccentColor;
				CODE_SIGN_STYLE = Automatic;
				CURRENT_PROJECT_VERSION = 1;
				DEVELOPMENT_TEAM = C434CHPZ37;
				GENERATE_INFOPLIST_FILE = YES;
				INFOPLIST_FILE = SwiftArquiteturas/Info.plist;
				INFOPLIST_KEY_UIApplicationSupportsIndirectInputEvents = YES;
				INFOPLIST_KEY_UILaunchStoryboardName = LaunchScreen;
				INFOPLIST_KEY_UIMainStoryboardFile = Main;
				INFOPLIST_KEY_UISupportedInterfaceOrientations_iPad = "UIInterfaceOrientationPortrait UIInterfaceOrientationPortraitUpsideDown UIInterfaceOrientationLandscapeLeft UIInterfaceOrientationLandscapeRight";
				INFOPLIST_KEY_UISupportedInterfaceOrientations_iPhone = "UIInterfaceOrientationPortrait UIInterfaceOrientationLandscapeLeft UIInterfaceOrientationLandscapeRight";
				LD_RUNPATH_SEARCH_PATHS = (
					"$(inherited)",
					"@executable_path/Frameworks",
				);
				MARKETING_VERSION = 1.0;
				PRODUCT_BUNDLE_IDENTIFIER = com.hoffsilva.SwiftArquiteturas;
				PRODUCT_NAME = "$(TARGET_NAME)";
				SWIFT_EMIT_LOC_STRINGS = YES;
				SWIFT_VERSION = 5.0;
				TARGETED_DEVICE_FAMILY = "1,2";
			};
			name = Debug;
		};
		0BCA41682A326401005B2DF3 /* Release */ = {
			isa = XCBuildConfiguration;
			buildSettings = {
				ASSETCATALOG_COMPILER_APPICON_NAME = AppIcon;
				ASSETCATALOG_COMPILER_GLOBAL_ACCENT_COLOR_NAME = AccentColor;
				CODE_SIGN_STYLE = Automatic;
				CURRENT_PROJECT_VERSION = 1;
				DEVELOPMENT_TEAM = C434CHPZ37;
				GENERATE_INFOPLIST_FILE = YES;
				INFOPLIST_FILE = SwiftArquiteturas/Info.plist;
				INFOPLIST_KEY_UIApplicationSupportsIndirectInputEvents = YES;
				INFOPLIST_KEY_UILaunchStoryboardName = LaunchScreen;
				INFOPLIST_KEY_UIMainStoryboardFile = Main;
				INFOPLIST_KEY_UISupportedInterfaceOrientations_iPad = "UIInterfaceOrientationPortrait UIInterfaceOrientationPortraitUpsideDown UIInterfaceOrientationLandscapeLeft UIInterfaceOrientationLandscapeRight";
				INFOPLIST_KEY_UISupportedInterfaceOrientations_iPhone = "UIInterfaceOrientationPortrait UIInterfaceOrientationLandscapeLeft UIInterfaceOrientationLandscapeRight";
				LD_RUNPATH_SEARCH_PATHS = (
					"$(inherited)",
					"@executable_path/Frameworks",
				);
				MARKETING_VERSION = 1.0;
				PRODUCT_BUNDLE_IDENTIFIER = com.hoffsilva.SwiftArquiteturas;
				PRODUCT_NAME = "$(TARGET_NAME)";
				SWIFT_EMIT_LOC_STRINGS = YES;
				SWIFT_VERSION = 5.0;
				TARGETED_DEVICE_FAMILY = "1,2";
			};
			name = Release;
		};
		0BCA418A2A32C02C005B2DF3 /* Debug */ = {
			isa = XCBuildConfiguration;
			buildSettings = {
				BUNDLE_LOADER = "$(TEST_HOST)";
				CLANG_ENABLE_MODULES = YES;
				CODE_SIGN_STYLE = Automatic;
				CURRENT_PROJECT_VERSION = 1;
				DEVELOPMENT_TEAM = C434CHPZ37;
				GENERATE_INFOPLIST_FILE = YES;
				MARKETING_VERSION = 1.0;
				PRODUCT_BUNDLE_IDENTIFIER = com.hoffsilva.SwiftArquiteturasTests;
				PRODUCT_NAME = "$(TARGET_NAME)";
				SWIFT_EMIT_LOC_STRINGS = NO;
				SWIFT_OBJC_BRIDGING_HEADER = "SwiftArquiteturasTests/API/Provider/SwiftArquiteturasTests-Bridging-Header.h";
				SWIFT_OPTIMIZATION_LEVEL = "-Onone";
				SWIFT_VERSION = 5.0;
				TARGETED_DEVICE_FAMILY = "1,2";
				TEST_HOST = "$(BUILT_PRODUCTS_DIR)/SwiftArquiteturas.app/$(BUNDLE_EXECUTABLE_FOLDER_PATH)/SwiftArquiteturas";
			};
			name = Debug;
		};
		0BCA418B2A32C02C005B2DF3 /* Release */ = {
			isa = XCBuildConfiguration;
			buildSettings = {
				BUNDLE_LOADER = "$(TEST_HOST)";
				CLANG_ENABLE_MODULES = YES;
				CODE_SIGN_STYLE = Automatic;
				CURRENT_PROJECT_VERSION = 1;
				DEVELOPMENT_TEAM = C434CHPZ37;
				GENERATE_INFOPLIST_FILE = YES;
				MARKETING_VERSION = 1.0;
				PRODUCT_BUNDLE_IDENTIFIER = com.hoffsilva.SwiftArquiteturasTests;
				PRODUCT_NAME = "$(TARGET_NAME)";
				SWIFT_EMIT_LOC_STRINGS = NO;
				SWIFT_OBJC_BRIDGING_HEADER = "SwiftArquiteturasTests/API/Provider/SwiftArquiteturasTests-Bridging-Header.h";
				SWIFT_VERSION = 5.0;
				TARGETED_DEVICE_FAMILY = "1,2";
				TEST_HOST = "$(BUILT_PRODUCTS_DIR)/SwiftArquiteturas.app/$(BUNDLE_EXECUTABLE_FOLDER_PATH)/SwiftArquiteturas";
			};
			name = Release;
		};
/* End XCBuildConfiguration section */

/* Begin XCConfigurationList section */
		0BCA414D2A326400005B2DF3 /* Build configuration list for PBXProject "SwiftArquiteturas" */ = {
			isa = XCConfigurationList;
			buildConfigurations = (
				0BCA41642A326401005B2DF3 /* Debug */,
				0BCA41652A326401005B2DF3 /* Release */,
			);
			defaultConfigurationIsVisible = 0;
			defaultConfigurationName = Release;
		};
		0BCA41662A326401005B2DF3 /* Build configuration list for PBXNativeTarget "SwiftArquiteturas" */ = {
			isa = XCConfigurationList;
			buildConfigurations = (
				0BCA41672A326401005B2DF3 /* Debug */,
				0BCA41682A326401005B2DF3 /* Release */,
			);
			defaultConfigurationIsVisible = 0;
			defaultConfigurationName = Release;
		};
		0BCA41892A32C02C005B2DF3 /* Build configuration list for PBXNativeTarget "SwiftArquiteturasTests" */ = {
			isa = XCConfigurationList;
			buildConfigurations = (
				0BCA418A2A32C02C005B2DF3 /* Debug */,
				0BCA418B2A32C02C005B2DF3 /* Release */,
			);
			defaultConfigurationIsVisible = 0;
			defaultConfigurationName = Release;
		};
/* End XCConfigurationList section */

/* Begin XCRemoteSwiftPackageReference section */
		0BCA416B2A3265A8005B2DF3 /* XCRemoteSwiftPackageReference "firebase-ios-sdk" */ = {
			isa = XCRemoteSwiftPackageReference;
			repositoryURL = "https://github.com/firebase/firebase-ios-sdk.git";
			requirement = {
				kind = upToNextMajorVersion;
				minimumVersion = 10.10.0;
			};
		};
/* End XCRemoteSwiftPackageReference section */

/* Begin XCSwiftPackageProductDependency section */
		0BCA416C2A3265A8005B2DF3 /* FirebaseAuth */ = {
			isa = XCSwiftPackageProductDependency;
			package = 0BCA416B2A3265A8005B2DF3 /* XCRemoteSwiftPackageReference "firebase-ios-sdk" */;
			productName = FirebaseAuth;
		};
/* End XCSwiftPackageProductDependency section */
	};
	rootObject = 0BCA414A2A326400005B2DF3 /* Project object */;
}
